{
  "nodes": {
    "flake-parts": {
      "inputs": {
        "nixpkgs-lib": "nixpkgs-lib"
      },
      "locked": {
        "lastModified": 1763759067,
        "narHash": "sha256-LlLt2Jo/gMNYAwOgdRQBrsRoOz7BPRkzvNaI/fzXi2Q=",
        "owner": "hercules-ci",
        "repo": "flake-parts",
        "rev": "2cccadc7357c0ba201788ae99c4dfa90728ef5e0",
        "type": "github"
      },
      "original": {
        "owner": "hercules-ci",
        "repo": "flake-parts",
        "type": "github"
      }
    },
    "nixpkgs": {
      "locked": {
        "lastModified": 1764517877,
        "narHash": "sha256-pp3uT4hHijIC8JUK5MEqeAWmParJrgBVzHLNfJDZxg4=",
        "owner": "nixos",
        "repo": "nixpkgs",
        "rev": "2d293cbfa5a793b4c50d17c05ef9e385b90edf6c",
        "type": "github"
      },
      "original": {
        "owner": "nixos",
        "ref": "nixos-unstable",
        "repo": "nixpkgs",
        "type": "github"
      }
    },
    "nixpkgs-lib": {
      "locked": {
        "lastModified": 1761765539,
        "narHash": "sha256-b0yj6kfvO8ApcSE+QmA6mUfu8IYG6/uU28OFn4PaC8M=",
        "owner": "nix-community",
        "repo": "nixpkgs.lib",
        "rev": "719359f4562934ae99f5443f20aa06c2ffff91fc",
        "type": "github"
      },
      "original": {
        "owner": "nix-community",
        "repo": "nixpkgs.lib",
        "type": "github"
      }
    },
    "root": {
      "inputs": {
        "nixpkgs": "nixpkgs",
        "tola": "tola"
      }
    },
    "rust-overlay": {
      "inputs": {
        "nixpkgs": [
          "tola",
          "nixpkgs"
        ]
      },
      "locked": {
        "lastModified": 1764297505,
        "narHash": "sha256-qrLpVu2/hA9Cu6IovMEsgh9YRyvmmWS+bSx7C1JGChA=",
        "owner": "oxalica",
        "repo": "rust-overlay",
        "rev": "9623580f8ce09ec444b9aca107566ec5db110e62",
        "type": "github"
      },
      "original": {
        "owner": "oxalica",
        "repo": "rust-overlay",
        "type": "github"
      }
    },
    "tola": {
      "inputs": {
        "flake-parts": "flake-parts",
        "nixpkgs": [
          "nixpkgs"
        ],
        "rust-overlay": "rust-overlay"
      },
      "locked": {
        "lastModified": 1764590410,
        "narHash": "sha256-A/vxxaPRUwYtg6KTY2wB9ikrh0OP7DT0YbJwHFOWv7s=",
        "owner": "kawayww",
        "repo": "tola",
        "rev": "b09a6d1e7f3b23a8658842b6abbd49b7ca93abfb",
        "type": "github"
      },
      "original": {
        "owner": "kawayww",
        "repo": "tola",
        "type": "github"
      }
    }
  },
  "root": "root",
  "version": 7
}
